
Microsoft Visual Studio Solution File, Format Version 12.00
# Visual Studio 2013
VisualStudioVersion = 12.0.31101.0
MinimumVisualStudioVersion = 10.0.40219.1
Project("{581633EB-B896-402F-8E60-36F3DA191C85}") = "T-MC CRM", "T-MC CRM\T-MC CRM.lsxtproj", "{DE5DF666-0C64-4F5F-81A7-8137F78DCDC8}"
EndProject
Project("{FAE04EC0-301F-11D3-BF4B-00C04F79EFBC}") = "T-MC CRM.Server", "T-MC CRM\T-MC CRM.Server\T-MC CRM.Server.csproj", "{DF1003AE-2586-4D88-8590-89B2486473ED}"
EndProject
Project("{262852C6-CD72-467D-83FE-5EEB1973A190}") = "T-MC CRM.HTMLClient", "T-MC CRM\T-MC CRM.HTMLClient\T-MC CRM.HTMLClient.jsproj", "{0013FF77-8AC2-4DC9-997E-CC0CFD1A14CD}"
EndProject
Project("{FAE04EC0-301F-11D3-BF4B-00C04F79EFBC}") = "T-MC CRM.SharePoint", "T-MC CRM\T-MC CRM.SharePoint\T-MC CRM.SharePoint.csproj", "{FC7F64C8-909F-4C89-8CB9-C280671118B0}"
EndProject
Global
	GlobalSection(SolutionConfigurationPlatforms) = preSolution
		Debug|Any CPU = Debug|Any CPU
		Release|Any CPU = Release|Any CPU
	EndGlobalSection
	GlobalSection(ProjectConfigurationPlatforms) = postSolution
		{DE5DF666-0C64-4F5F-81A7-8137F78DCDC8}.Debug|Any CPU.ActiveCfg = Debug|Any CPU
		{DE5DF666-0C64-4F5F-81A7-8137F78DCDC8}.Debug|Any CPU.Build.0 = Debug|Any CPU
		{DE5DF666-0C64-4F5F-81A7-8137F78DCDC8}.Release|Any CPU.ActiveCfg = Release|Any CPU
		{DE5DF666-0C64-4F5F-81A7-8137F78DCDC8}.Release|Any CPU.Build.0 = Release|Any CPU
		{DF1003AE-2586-4D88-8590-89B2486473ED}.Debug|Any CPU.ActiveCfg = Debug|Any CPU
		{DF1003AE-2586-4D88-8590-89B2486473ED}.Debug|Any CPU.Build.0 = Debug|Any CPU
		{DF1003AE-2586-4D88-8590-89B2486473ED}.Release|Any CPU.ActiveCfg = Release|Any CPU
		{DF1003AE-2586-4D88-8590-89B2486473ED}.Release|Any CPU.Build.0 = Release|Any CPU
		{0013FF77-8AC2-4DC9-997E-CC0CFD1A14CD}.Debug|Any CPU.ActiveCfg = Debug|Any CPU
		{0013FF77-8AC2-4DC9-997E-CC0CFD1A14CD}.Debug|Any CPU.Build.0 = Debug|Any CPU
		{0013FF77-8AC2-4DC9-997E-CC0CFD1A14CD}.Release|Any CPU.ActiveCfg = Release|Any CPU
		{0013FF77-8AC2-4DC9-997E-CC0CFD1A14CD}.Release|Any CPU.Build.0 = Release|Any CPU
		{FC7F64C8-909F-4C89-8CB9-C280671118B0}.Debug|Any CPU.ActiveCfg = Debug|Any CPU
		{FC7F64C8-909F-4C89-8CB9-C280671118B0}.Debug|Any CPU.Build.0 = Debug|Any CPU
		{FC7F64C8-909F-4C89-8CB9-C280671118B0}.Debug|Any CPU.Deploy.0 = Debug|Any CPU
		{FC7F64C8-909F-4C89-8CB9-C280671118B0}.Release|Any CPU.ActiveCfg = Release|Any CPU
		{FC7F64C8-909F-4C89-8CB9-C280671118B0}.Release|Any CPU.Build.0 = Release|Any CPU
		{FC7F64C8-909F-4C89-8CB9-C280671118B0}.Release|Any CPU.Deploy.0 = Release|Any CPU
	EndGlobalSection
	GlobalSection(SolutionProperties) = preSolution
		HideSolutionNode = FALSE
	EndGlobalSection
EndGlobal
